
Microsoft Visual Studio Solution File, Format Version 12.00
# Visual Studio Version 17
VisualStudioVersion = 17.1.32328.378
MinimumVisualStudioVersion = 10.0.40219.1
Project("{FAE04EC0-301F-11D3-BF4B-00C04F79EFBC}") = "InternetBanking", "InternetBanking\InternetBanking.csproj", "{B4BCED0B-DCA3-4A1D-9712-1F696E90AB36}"
EndProject
Global
	GlobalSection(SolutionConfigurationPlatforms) = preSolution
		Debug|Any CPU = Debug|Any CPU
		Release|Any CPU = Release|Any CPU
	EndGlobalSection
	GlobalSection(ProjectConfigurationPlatforms) = postSolution
		{B4BCED0B-DCA3-4A1D-9712-1F696E90AB36}.Debug|Any CPU.ActiveCfg = Debug|Any CPU
		{B4BCED0B-DCA3-4A1D-9712-1F696E90AB36}.Debug|Any CPU.Build.0 = Debug|Any CPU
		{B4BCED0B-DCA3-4A1D-9712-1F696E90AB36}.Release|Any CPU.ActiveCfg = Release|Any CPU
		{B4BCED0B-DCA3-4A1D-9712-1F696E90AB36}.Release|Any CPU.Build.0 = Release|Any CPU
	EndGlobalSection
	GlobalSection(SolutionProperties) = preSolution
		HideSolutionNode = FALSE
	EndGlobalSection
	GlobalSection(ExtensibilityGlobals) = postSolution
		SolutionGuid = {1A6A4308-A6D5-4360-9C50-7AA530A57451}
	EndGlobalSection
EndGlobal
